// !$*UTF8*$!
{
	archiveVersion = 1;
	classes = {
	};
	objectVersion = 77;
	objects = {

/* Begin PBXBuildFile section */
		932BB4EB2DAD5036009CDC3F /* SnapKit in Frameworks */ = {isa = PBXBuildFile; productRef = 932BB4EA2DAD5036009CDC3F /* SnapKit */; };
		93C604A32DAFC7B70074D4CE /* SDWebImage in Frameworks */ = {isa = PBXBuildFile; productRef = 93C604A22DAFC7B70074D4CE /* SDWebImage */; };
/* End PBXBuildFile section */

/* Begin PBXContainerItemProxy section */
		93B335B92DAD2EAE0026E311 /* PBXContainerItemProxy */ = {
			isa = PBXContainerItemProxy;
			containerPortal = 93B3359A2DAD2EAC0026E311 /* Project object */;
			proxyType = 1;
			remoteGlobalIDString = 93B335A12DAD2EAC0026E311;
			remoteInfo = GitHubUser;
		};
		93B335C32DAD2EAE0026E311 /* PBXContainerItemProxy */ = {
			isa = PBXContainerItemProxy;
			containerPortal = 93B3359A2DAD2EAC0026E311 /* Project object */;
			proxyType = 1;
			remoteGlobalIDString = 93B335A12DAD2EAC0026E311;
			remoteInfo = GitHubUser;
		};
/* End PBXContainerItemProxy section */

/* Begin PBXFileReference section */
		93B335A22DAD2EAC0026E311 /* GitHubUser.app */ = {isa = PBXFileReference; explicitFileType = wrapper.application; includeInIndex = 0; path = GitHubUser.app; sourceTree = BUILT_PRODUCTS_DIR; };
		93B335B82DAD2EAE0026E311 /* GitHubUserTests.xctest */ = {isa = PBXFileReference; explicitFileType = wrapper.cfbundle; includeInIndex = 0; path = GitHubUserTests.xctest; sourceTree = BUILT_PRODUCTS_DIR; };
		93B335C22DAD2EAE0026E311 /* GitHubUserUITests.xctest */ = {isa = PBXFileReference; explicitFileType = wrapper.cfbundle; includeInIndex = 0; path = GitHubUserUITests.xctest; sourceTree = BUILT_PRODUCTS_DIR; };
/* End PBXFileReference section */

/* Begin PBXFileSystemSynchronizedBuildFileExceptionSet section */
		93B335CA2DAD2EAE0026E311 /* Exceptions for "GitHubUser" folder in "GitHubUser" target */ = {
			isa = PBXFileSystemSynchronizedBuildFileExceptionSet;
			membershipExceptions = (
				Resources/Info.plist,
			);
			target = 93B335A12DAD2EAC0026E311 /* GitHubUser */;
		};
/* End PBXFileSystemSynchronizedBuildFileExceptionSet section */

/* Begin PBXFileSystemSynchronizedRootGroup section */
		93B335A42DAD2EAC0026E311 /* GitHubUser */ = {
			isa = PBXFileSystemSynchronizedRootGroup;
			exceptions = (
				93B335CA2DAD2EAE0026E311 /* Exceptions for "GitHubUser" folder in "GitHubUser" target */,
			);
			path = GitHubUser;
			sourceTree = "<group>";
		};
		93B335BB2DAD2EAE0026E311 /* GitHubUserTests */ = {
			isa = PBXFileSystemSynchronizedRootGroup;
			path = GitHubUserTests;
			sourceTree = "<group>";
		};
		93B335C52DAD2EAE0026E311 /* GitHubUserUITests */ = {
			isa = PBXFileSystemSynchronizedRootGroup;
			path = GitHubUserUITests;
			sourceTree = "<group>";
		};
/* End PBXFileSystemSynchronizedRootGroup section */

/* Begin PBXFrameworksBuildPhase section */
		93B3359F2DAD2EAC0026E311 /* Frameworks */ = {
			isa = PBXFrameworksBuildPhase;
			buildActionMask = 2147483647;
			files = (
				93C604A32DAFC7B70074D4CE /* SDWebImage in Frameworks */,
				932BB4EB2DAD5036009CDC3F /* SnapKit in Frameworks */,
			);
			runOnlyForDeploymentPostprocessing = 0;
		};
		93B335B52DAD2EAE0026E311 /* Frameworks */ = {
			isa = PBXFrameworksBuildPhase;
			buildActionMask = 2147483647;
			files = (
			);
			runOnlyForDeploymentPostprocessing = 0;
		};
		93B335BF2DAD2EAE0026E311 /* Frameworks */ = {
			isa = PBXFrameworksBuildPhase;
			buildActionMask = 2147483647;
			files = (
			);
			runOnlyForDeploymentPostprocessing = 0;
		};
/* End PBXFrameworksBuildPhase section */

/* Begin PBXGroup section */
		93B335992DAD2EAC0026E311 = {
			isa = PBXGroup;
			children = (
				93B335A42DAD2EAC0026E311 /* GitHubUser */,
				93B335BB2DAD2EAE0026E311 /* GitHubUserTests */,
				93B335C52DAD2EAE0026E311 /* GitHubUserUITests */,
				93B335A32DAD2EAC0026E311 /* Products */,
			);
			sourceTree = "<group>";
		};
		93B335A32DAD2EAC0026E311 /* Products */ = {
			isa = PBXGroup;
			children = (
				93B335A22DAD2EAC0026E311 /* GitHubUser.app */,
				93B335B82DAD2EAE0026E311 /* GitHubUserTests.xctest */,
				93B335C22DAD2EAE0026E311 /* GitHubUserUITests.xctest */,
			);
			name = Products;
			sourceTree = "<group>";
		};
/* End PBXGroup section */

/* Begin PBXNativeTarget section */
		93B335A12DAD2EAC0026E311 /* GitHubUser */ = {
			isa = PBXNativeTarget;
			buildConfigurationList = 93B335CB2DAD2EAE0026E311 /* Build configuration list for PBXNativeTarget "GitHubUser" */;
			buildPhases = (
				93B3359E2DAD2EAC0026E311 /* Sources */,
				93B3359F2DAD2EAC0026E311 /* Frameworks */,
				93B335A02DAD2EAC0026E311 /* Resources */,
			);
			buildRules = (
			);
			dependencies = (
			);
			fileSystemSynchronizedGroups = (
				93B335A42DAD2EAC0026E311 /* GitHubUser */,
			);
			name = GitHubUser;
			packageProductDependencies = (
				932BB4EA2DAD5036009CDC3F /* SnapKit */,
				93C604A22DAFC7B70074D4CE /* SDWebImage */,
			);
			productName = GitHubUser;
			productReference = 93B335A22DAD2EAC0026E311 /* GitHubUser.app */;
			productType = "com.apple.product-type.application";
		};
		93B335B72DAD2EAE0026E311 /* GitHubUserTests */ = {
			isa = PBXNativeTarget;
			buildConfigurationList = 93B335D02DAD2EAE0026E311 /* Build configuration list for PBXNativeTarget "GitHubUserTests" */;
			buildPhases = (
				93B335B42DAD2EAE0026E311 /* Sources */,
				93B335B52DAD2EAE0026E311 /* Frameworks */,
				93B335B62DAD2EAE0026E311 /* Resources */,
			);
			buildRules = (
			);
			dependencies = (
				93B335BA2DAD2EAE0026E311 /* PBXTargetDependency */,
			);
			fileSystemSynchronizedGroups = (
				93B335BB2DAD2EAE0026E311 /* GitHubUserTests */,
			);
			name = GitHubUserTests;
			packageProductDependencies = (
			);
			productName = GitHubUserTests;
			productReference = 93B335B82DAD2EAE0026E311 /* GitHubUserTests.xctest */;
			productType = "com.apple.product-type.bundle.unit-test";
		};
		93B335C12DAD2EAE0026E311 /* GitHubUserUITests */ = {
			isa = PBXNativeTarget;
			buildConfigurationList = 93B335D32DAD2EAE0026E311 /* Build configuration list for PBXNativeTarget "GitHubUserUITests" */;
			buildPhases = (
				93B335BE2DAD2EAE0026E311 /* Sources */,
				93B335BF2DAD2EAE0026E311 /* Frameworks */,
				93B335C02DAD2EAE0026E311 /* Resources */,
			);
			buildRules = (
			);
			dependencies = (
				93B335C42DAD2EAE0026E311 /* PBXTargetDependency */,
			);
			fileSystemSynchronizedGroups = (
				93B335C52DAD2EAE0026E311 /* GitHubUserUITests */,
			);
			name = GitHubUserUITests;
			packageProductDependencies = (
			);
			productName = GitHubUserUITests;
			productReference = 93B335C22DAD2EAE0026E311 /* GitHubUserUITests.xctest */;
			productType = "com.apple.product-type.bundle.ui-testing";
		};
/* End PBXNativeTarget section */

/* Begin PBXProject section */
		93B3359A2DAD2EAC0026E311 /* Project object */ = {
			isa = PBXProject;
			attributes = {
				BuildIndependentTargetsInParallel = 1;
				LastSwiftUpdateCheck = 1630;
				LastUpgradeCheck = 1630;
				TargetAttributes = {
					93B335A12DAD2EAC0026E311 = {
						CreatedOnToolsVersion = 16.3;
					};
					93B335B72DAD2EAE0026E311 = {
						CreatedOnToolsVersion = 16.3;
						TestTargetID = 93B335A12DAD2EAC0026E311;
					};
					93B335C12DAD2EAE0026E311 = {
						CreatedOnToolsVersion = 16.3;
						TestTargetID = 93B335A12DAD2EAC0026E311;
					};
				};
			};
			buildConfigurationList = 93B3359D2DAD2EAC0026E311 /* Build configuration list for PBXProject "GitHubUser" */;
			developmentRegion = en;
			hasScannedForEncodings = 0;
			knownRegions = (
				en,
				Base,
			);
			mainGroup = 93B335992DAD2EAC0026E311;
			minimizedProjectReferenceProxies = 1;
			packageReferences = (
				932BB4E92DAD5036009CDC3F /* XCRemoteSwiftPackageReference "SnapKit" */,
				93C604A12DAFC7B70074D4CE /* XCRemoteSwiftPackageReference "SDWebImage" */,
			);
			preferredProjectObjectVersion = 77;
			productRefGroup = 93B335A32DAD2EAC0026E311 /* Products */;
			projectDirPath = "";
			projectRoot = "";
			targets = (
				93B335A12DAD2EAC0026E311 /* GitHubUser */,
				93B335B72DAD2EAE0026E311 /* GitHubUserTests */,
				93B335C12DAD2EAE0026E311 /* GitHubUserUITests */,
			);
		};
/* End PBXProject section */

/* Begin PBXResourcesBuildPhase section */
		93B335A02DAD2EAC0026E311 /* Resources */ = {
			isa = PBXResourcesBuildPhase;
			buildActionMask = 2147483647;
			files = (
			);
			runOnlyForDeploymentPostprocessing = 0;
		};
		93B335B62DAD2EAE0026E311 /* Resources */ = {
			isa = PBXResourcesBuildPhase;
			buildActionMask = 2147483647;
			files = (
			);
			runOnlyForDeploymentPostprocessing = 0;
		};
		93B335C02DAD2EAE0026E311 /* Resources */ = {
			isa = PBXResourcesBuildPhase;
			buildActionMask = 2147483647;
			files = (
			);
			runOnlyForDeploymentPostprocessing = 0;
		};
/* End PBXResourcesBuildPhase section */

/* Begin PBXSourcesBuildPhase section */
		93B3359E2DAD2EAC0026E311 /* Sources */ = {
			isa = PBXSourcesBuildPhase;
			buildActionMask = 2147483647;
			files = (
			);
			runOnlyForDeploymentPostprocessing = 0;
		};
		93B335B42DAD2EAE0026E311 /* Sources */ = {
			isa = PBXSourcesBuildPhase;
			buildActionMask = 2147483647;
			files = (
			);
			runOnlyForDeploymentPostprocessing = 0;
		};
		93B335BE2DAD2EAE0026E311 /* Sources */ = {
			isa = PBXSourcesBuildPhase;
			buildActionMask = 2147483647;
			files = (
			);
			runOnlyForDeploymentPostprocessing = 0;
		};
/* End PBXSourcesBuildPhase section */

/* Begin PBXTargetDependency section */
		93B335BA2DAD2EAE0026E311 /* PBXTargetDependency */ = {
			isa = PBXTargetDependency;
			target = 93B335A12DAD2EAC0026E311 /* GitHubUser */;
			targetProxy = 93B335B92DAD2EAE0026E311 /* PBXContainerItemProxy */;
		};
		93B335C42DAD2EAE0026E311 /* PBXTargetDependency */ = {
			isa = PBXTargetDependency;
			target = 93B335A12DAD2EAC0026E311 /* GitHubUser */;
			targetProxy = 93B335C32DAD2EAE0026E311 /* PBXContainerItemProxy */;
		};
/* End PBXTargetDependency section */

/* Begin XCBuildConfiguration section */
		93B335CC2DAD2EAE0026E311 /* Debug */ = {
			isa = XCBuildConfiguration;
			buildSettings = {
				ASSETCATALOG_COMPILER_APPICON_NAME = AppIcon;
				ASSETCATALOG_COMPILER_GLOBAL_ACCENT_COLOR_NAME = AccentColor;
				CODE_SIGN_STYLE = Automatic;
				CURRENT_PROJECT_VERSION = 1;
				DEVELOPMENT_TEAM = 9BL2CY225N;
				GENERATE_INFOPLIST_FILE = YES;
				INFOPLIST_FILE = GitHubUser/Resources/Info.plist;
				INFOPLIST_KEY_LSApplicationCategoryType = "public.app-category.social-networking";
				INFOPLIST_KEY_UIApplicationSupportsIndirectInputEvents = YES;
				INFOPLIST_KEY_UILaunchStoryboardName = LaunchScreen;
				INFOPLIST_KEY_UIMainStoryboardFile = "";
				INFOPLIST_KEY_UISupportedInterfaceOrientations = UIInterfaceOrientationPortrait;
				INFOPLIST_KEY_UISupportedInterfaceOrientations_iPad = "UIInterfaceOrientationLandscapeLeft UIInterfaceOrientationLandscapeRight UIInterfaceOrientationPortrait UIInterfaceOrientationPortraitUpsideDown";
				IPHONEOS_DEPLOYMENT_TARGET = 18.0;
				LD_RUNPATH_SEARCH_PATHS = (
					"$(inherited)",
					"@executable_path/Frameworks",
				);
				MARKETING_VERSION = 1.0;
				PRODUCT_BUNDLE_IDENTIFIER = com.buildmyapp.GitHubUser;
				PRODUCT_NAME = "$(TARGET_NAME)";
				SUPPORTED_PLATFORMS = "iphoneos iphonesimulator";
				SUPPORTS_MACCATALYST = NO;
				SUPPORTS_MAC_DESIGNED_FOR_IPHONE_IPAD = NO;
				SUPPORTS_XR_DESIGNED_FOR_IPHONE_IPAD = NO;
				SWIFT_EMIT_LOC_STRINGS = YES;
				SWIFT_VERSION = 5.0;
				TARGETED_DEVICE_FAMILY = 1;
			};
			name = Debug;
		};
		93B335CD2DAD2EAE0026E311 /* Release */ = {
			isa = XCBuildConfiguration;
			buildSettings = {
				ASSETCATALOG_COMPILER_APPICON_NAME = AppIcon;
				ASSETCATALOG_COMPILER_GLOBAL_ACCENT_COLOR_NAME = AccentColor;
				CODE_SIGN_STYLE = Automatic;
				CURRENT_PROJECT_VERSION = 1;
				DEVELOPMENT_TEAM = 9BL2CY225N;
				GENERATE_INFOPLIST_FILE = YES;
				INFOPLIST_FILE = GitHubUser/Resources/Info.plist;
				INFOPLIST_KEY_LSApplicationCategoryType = "public.app-category.social-networking";
				INFOPLIST_KEY_UIApplicationSupportsIndirectInputEvents = YES;
				INFOPLIST_KEY_UILaunchStoryboardName = LaunchScreen;
				INFOPLIST_KEY_UIMainStoryboardFile = "";
				INFOPLIST_KEY_UISupportedInterfaceOrientations = UIInterfaceOrientationPortrait;
				INFOPLIST_KEY_UISupportedInterfaceOrientations_iPad = "UIInterfaceOrientationLandscapeLeft UIInterfaceOrientationLandscapeRight UIInterfaceOrientationPortrait UIInterfaceOrientationPortraitUpsideDown";
				IPHONEOS_DEPLOYMENT_TARGET = 18.0;
				LD_RUNPATH_SEARCH_PATHS = (
					"$(inherited)",
					"@executable_path/Frameworks",
				);
				MARKETING_VERSION = 1.0;
				PRODUCT_BUNDLE_IDENTIFIER = com.buildmyapp.GitHubUser;
				PRODUCT_NAME = "$(TARGET_NAME)";
				SUPPORTED_PLATFORMS = "iphoneos iphonesimulator";
				SUPPORTS_MACCATALYST = NO;
				SUPPORTS_MAC_DESIGNED_FOR_IPHONE_IPAD = NO;
				SUPPORTS_XR_DESIGNED_FOR_IPHONE_IPAD = NO;
				SWIFT_EMIT_LOC_STRINGS = YES;
				SWIFT_VERSION = 5.0;
				TARGETED_DEVICE_FAMILY = 1;
			};
			name = Release;
		};
		93B335CE2DAD2EAE0026E311 /* Debug */ = {
			isa = XCBuildConfiguration;
			buildSettings = {
				ALWAYS_SEARCH_USER_PATHS = NO;
				ASSETCATALOG_COMPILER_GENERATE_SWIFT_ASSET_SYMBOL_EXTENSIONS = YES;
				CLANG_ANALYZER_NONNULL = YES;
				CLANG_ANALYZER_NUMBER_OBJECT_CONVERSION = YES_AGGRESSIVE;
				CLANG_CXX_LANGUAGE_STANDARD = "gnu++20";
				CLANG_ENABLE_MODULES = YES;
				CLANG_ENABLE_OBJC_ARC = YES;
				CLANG_ENABLE_OBJC_WEAK = YES;
				CLANG_WARN_BLOCK_CAPTURE_AUTORELEASING = YES;
				CLANG_WARN_BOOL_CONVERSION = YES;
				CLANG_WARN_COMMA = YES;
				CLANG_WARN_CONSTANT_CONVERSION = YES;
				CLANG_WARN_DEPRECATED_OBJC_IMPLEMENTATIONS = YES;
				CLANG_WARN_DIRECT_OBJC_ISA_USAGE = YES_ERROR;
				CLANG_WARN_DOCUMENTATION_COMMENTS = YES;
				CLANG_WARN_EMPTY_BODY = YES;
				CLANG_WARN_ENUM_CONVERSION = YES;
				CLANG_WARN_INFINITE_RECURSION = YES;
				CLANG_WARN_INT_CONVERSION = YES;
				CLANG_WARN_NON_LITERAL_NULL_CONVERSION = YES;
				CLANG_WARN_OBJC_IMPLICIT_RETAIN_SELF = YES;
				CLANG_WARN_OBJC_LITERAL_CONVERSION = YES;
				CLANG_WARN_OBJC_ROOT_CLASS = YES_ERROR;
				CLANG_WARN_QUOTED_INCLUDE_IN_FRAMEWORK_HEADER = YES;
				CLANG_WARN_RANGE_LOOP_ANALYSIS = YES;
				CLANG_WARN_STRICT_PROTOTYPES = YES;
				CLANG_WARN_SUSPICIOUS_MOVE = YES;
				CLANG_WARN_UNGUARDED_AVAILABILITY = YES_AGGRESSIVE;
				CLANG_WARN_UNREACHABLE_CODE = YES;
				CLANG_WARN__DUPLICATE_METHOD_MATCH = YES;
				COPY_PHASE_STRIP = NO;
				DEBUG_INFORMATION_FORMAT = dwarf;
				DEVELOPMENT_TEAM = 9BL2CY225N;
				ENABLE_STRICT_OBJC_MSGSEND = YES;
				ENABLE_TESTABILITY = YES;
				ENABLE_USER_SCRIPT_SANDBOXING = YES;
				GCC_C_LANGUAGE_STANDARD = gnu17;
				GCC_DYNAMIC_NO_PIC = NO;
				GCC_NO_COMMON_BLOCKS = YES;
				GCC_OPTIMIZATION_LEVEL = 0;
				GCC_PREPROCESSOR_DEFINITIONS = (
					"DEBUG=1",
					"$(inherited)",
				);
				GCC_WARN_64_TO_32_BIT_CONVERSION = YES;
				GCC_WARN_ABOUT_RETURN_TYPE = YES_ERROR;
				GCC_WARN_UNDECLARED_SELECTOR = YES;
				GCC_WARN_UNINITIALIZED_AUTOS = YES_AGGRESSIVE;
				GCC_WARN_UNUSED_FUNCTION = YES;
				GCC_WARN_UNUSED_VARIABLE = YES;
				IPHONEOS_DEPLOYMENT_TARGET = 18.4;
				LOCALIZATION_PREFERS_STRING_CATALOGS = YES;
				MTL_ENABLE_DEBUG_INFO = INCLUDE_SOURCE;
				MTL_FAST_MATH = YES;
				ONLY_ACTIVE_ARCH = YES;
				SDKROOT = iphoneos;
				SWIFT_ACTIVE_COMPILATION_CONDITIONS = "DEBUG $(inherited)";
				SWIFT_OPTIMIZATION_LEVEL = "-Onone";
			};
			name = Debug;
		};
		93B335CF2DAD2EAE0026E311 /* Release */ = {
			isa = XCBuildConfiguration;
			buildSettings = {
				ALWAYS_SEARCH_USER_PATHS = NO;
				ASSETCATALOG_COMPILER_GENERATE_SWIFT_ASSET_SYMBOL_EXTENSIONS = YES;
				CLANG_ANALYZER_NONNULL = YES;
				CLANG_ANALYZER_NUMBER_OBJECT_CONVERSION = YES_AGGRESSIVE;
				CLANG_CXX_LANGUAGE_STANDARD = "gnu++20";
				CLANG_ENABLE_MODULES = YES;
				CLANG_ENABLE_OBJC_ARC = YES;
				CLANG_ENABLE_OBJC_WEAK = YES;
				CLANG_WARN_BLOCK_CAPTURE_AUTORELEASING = YES;
				CLANG_WARN_BOOL_CONVERSION = YES;
				CLANG_WARN_COMMA = YES;
				CLANG_WARN_CONSTANT_CONVERSION = YES;
				CLANG_WARN_DEPRECATED_OBJC_IMPLEMENTATIONS = YES;
				CLANG_WARN_DIRECT_OBJC_ISA_USAGE = YES_ERROR;
				CLANG_WARN_DOCUMENTATION_COMMENTS = YES;
				CLANG_WARN_EMPTY_BODY = YES;
				CLANG_WARN_ENUM_CONVERSION = YES;
				CLANG_WARN_INFINITE_RECURSION = YES;
				CLANG_WARN_INT_CONVERSION = YES;
				CLANG_WARN_NON_LITERAL_NULL_CONVERSION = YES;
				CLANG_WARN_OBJC_IMPLICIT_RETAIN_SELF = YES;
				CLANG_WARN_OBJC_LITERAL_CONVERSION = YES;
				CLANG_WARN_OBJC_ROOT_CLASS = YES_ERROR;
				CLANG_WARN_QUOTED_INCLUDE_IN_FRAMEWORK_HEADER = YES;
				CLANG_WARN_RANGE_LOOP_ANALYSIS = YES;
				CLANG_WARN_STRICT_PROTOTYPES = YES;
				CLANG_WARN_SUSPICIOUS_MOVE = YES;
				CLANG_WARN_UNGUARDED_AVAILABILITY = YES_AGGRESSIVE;
				CLANG_WARN_UNREACHABLE_CODE = YES;
				CLANG_WARN__DUPLICATE_METHOD_MATCH = YES;
				COPY_PHASE_STRIP = NO;
				DEBUG_INFORMATION_FORMAT = "dwarf-with-dsym";
				DEVELOPMENT_TEAM = 9BL2CY225N;
				ENABLE_NS_ASSERTIONS = NO;
				ENABLE_STRICT_OBJC_MSGSEND = YES;
				ENABLE_USER_SCRIPT_SANDBOXING = YES;
				GCC_C_LANGUAGE_STANDARD = gnu17;
				GCC_NO_COMMON_BLOCKS = YES;
				GCC_WARN_64_TO_32_BIT_CONVERSION = YES;
				GCC_WARN_ABOUT_RETURN_TYPE = YES_ERROR;
				GCC_WARN_UNDECLARED_SELECTOR = YES;
				GCC_WARN_UNINITIALIZED_AUTOS = YES_AGGRESSIVE;
				GCC_WARN_UNUSED_FUNCTION = YES;
				GCC_WARN_UNUSED_VARIABLE = YES;
				IPHONEOS_DEPLOYMENT_TARGET = 18.4;
				LOCALIZATION_PREFERS_STRING_CATALOGS = YES;
				MTL_ENABLE_DEBUG_INFO = NO;
				MTL_FAST_MATH = YES;
				SDKROOT = iphoneos;
				SWIFT_COMPILATION_MODE = wholemodule;
				VALIDATE_PRODUCT = YES;
			};
			name = Release;
		};
		93B335D12DAD2EAE0026E311 /* Debug */ = {
			isa = XCBuildConfiguration;
			buildSettings = {
				BUNDLE_LOADER = "$(TEST_HOST)";
				CODE_SIGN_STYLE = Automatic;
				CURRENT_PROJECT_VERSION = 1;
				DEVELOPMENT_TEAM = 9BL2CY225N;
				GENERATE_INFOPLIST_FILE = YES;
				IPHONEOS_DEPLOYMENT_TARGET = 18.4;
				MARKETING_VERSION = 1.0;
				PRODUCT_BUNDLE_IDENTIFIER = com.buildmyapp.GitHubUserTests;
				PRODUCT_NAME = "$(TARGET_NAME)";
				SWIFT_EMIT_LOC_STRINGS = NO;
				SWIFT_VERSION = 5.0;
				TARGETED_DEVICE_FAMILY = "1,2";
				TEST_HOST = "$(BUILT_PRODUCTS_DIR)/GitHubUser.app/$(BUNDLE_EXECUTABLE_FOLDER_PATH)/GitHubUser";
			};
			name = Debug;
		};
		93B335D22DAD2EAE0026E311 /* Release */ = {
			isa = XCBuildConfiguration;
			buildSettings = {
				BUNDLE_LOADER = "$(TEST_HOST)";
				CODE_SIGN_STYLE = Automatic;
				CURRENT_PROJECT_VERSION = 1;
				DEVELOPMENT_TEAM = 9BL2CY225N;
				GENERATE_INFOPLIST_FILE = YES;
				IPHONEOS_DEPLOYMENT_TARGET = 18.4;
				MARKETING_VERSION = 1.0;
				PRODUCT_BUNDLE_IDENTIFIER = com.buildmyapp.GitHubUserTests;
				PRODUCT_NAME = "$(TARGET_NAME)";
				SWIFT_EMIT_LOC_STRINGS = NO;
				SWIFT_VERSION = 5.0;
				TARGETED_DEVICE_FAMILY = "1,2";
				TEST_HOST = "$(BUILT_PRODUCTS_DIR)/GitHubUser.app/$(BUNDLE_EXECUTABLE_FOLDER_PATH)/GitHubUser";
			};
			name = Release;
		};
		93B335D42DAD2EAE0026E311 /* Debug */ = {
			isa = XCBuildConfiguration;
			buildSettings = {
				CODE_SIGN_STYLE = Automatic;
				CURRENT_PROJECT_VERSION = 1;
				DEVELOPMENT_TEAM = 9BL2CY225N;
				GENERATE_INFOPLIST_FILE = YES;
				MARKETING_VERSION = 1.0;
				PRODUCT_BUNDLE_IDENTIFIER = com.buildmyapp.GitHubUserUITests;
				PRODUCT_NAME = "$(TARGET_NAME)";
				SWIFT_EMIT_LOC_STRINGS = NO;
				SWIFT_VERSION = 5.0;
				TARGETED_DEVICE_FAMILY = "1,2";
				TEST_TARGET_NAME = GitHubUser;
			};
			name = Debug;
		};
		93B335D52DAD2EAE0026E311 /* Release */ = {
			isa = XCBuildConfiguration;
			buildSettings = {
				CODE_SIGN_STYLE = Automatic;
				CURRENT_PROJECT_VERSION = 1;
				DEVELOPMENT_TEAM = 9BL2CY225N;
				GENERATE_INFOPLIST_FILE = YES;
				MARKETING_VERSION = 1.0;
				PRODUCT_BUNDLE_IDENTIFIER = com.buildmyapp.GitHubUserUITests;
				PRODUCT_NAME = "$(TARGET_NAME)";
				SWIFT_EMIT_LOC_STRINGS = NO;
				SWIFT_VERSION = 5.0;
				TARGETED_DEVICE_FAMILY = "1,2";
				TEST_TARGET_NAME = GitHubUser;
			};
			name = Release;
		};
/* End XCBuildConfiguration section */

/* Begin XCConfigurationList section */
		93B3359D2DAD2EAC0026E311 /* Build configuration list for PBXProject "GitHubUser" */ = {
			isa = XCConfigurationList;
			buildConfigurations = (
				93B335CE2DAD2EAE0026E311 /* Debug */,
				93B335CF2DAD2EAE0026E311 /* Release */,
			);
			defaultConfigurationIsVisible = 0;
			defaultConfigurationName = Release;
		};
		93B335CB2DAD2EAE0026E311 /* Build configuration list for PBXNativeTarget "GitHubUser" */ = {
			isa = XCConfigurationList;
			buildConfigurations = (
				93B335CC2DAD2EAE0026E311 /* Debug */,
				93B335CD2DAD2EAE0026E311 /* Release */,
			);
			defaultConfigurationIsVisible = 0;
			defaultConfigurationName = Release;
		};
		93B335D02DAD2EAE0026E311 /* Build configuration list for PBXNativeTarget "GitHubUserTests" */ = {
			isa = XCConfigurationList;
			buildConfigurations = (
				93B335D12DAD2EAE0026E311 /* Debug */,
				93B335D22DAD2EAE0026E311 /* Release */,
			);
			defaultConfigurationIsVisible = 0;
			defaultConfigurationName = Release;
		};
		93B335D32DAD2EAE0026E311 /* Build configuration list for PBXNativeTarget "GitHubUserUITests" */ = {
			isa = XCConfigurationList;
			buildConfigurations = (
				93B335D42DAD2EAE0026E311 /* Debug */,
				93B335D52DAD2EAE0026E311 /* Release */,
			);
			defaultConfigurationIsVisible = 0;
			defaultConfigurationName = Release;
		};
/* End XCConfigurationList section */

/* Begin XCRemoteSwiftPackageReference section */
		932BB4E92DAD5036009CDC3F /* XCRemoteSwiftPackageReference "SnapKit" */ = {
			isa = XCRemoteSwiftPackageReference;
			repositoryURL = "https://github.com/SnapKit/SnapKit.git";
			requirement = {
				kind = upToNextMajorVersion;
				minimumVersion = 5.7.1;
			};
		};
		93C604A12DAFC7B70074D4CE /* XCRemoteSwiftPackageReference "SDWebImage" */ = {
			isa = XCRemoteSwiftPackageReference;
			repositoryURL = "https://github.com/SDWebImage/SDWebImage.git";
			requirement = {
				kind = upToNextMajorVersion;
				minimumVersion = 5.21.0;
			};
		};
/* End XCRemoteSwiftPackageReference section */

/* Begin XCSwiftPackageProductDependency section */
		932BB4EA2DAD5036009CDC3F /* SnapKit */ = {
			isa = XCSwiftPackageProductDependency;
			package = 932BB4E92DAD5036009CDC3F /* XCRemoteSwiftPackageReference "SnapKit" */;
			productName = SnapKit;
		};
		93C604A22DAFC7B70074D4CE /* SDWebImage */ = {
			isa = XCSwiftPackageProductDependency;
			package = 93C604A12DAFC7B70074D4CE /* XCRemoteSwiftPackageReference "SDWebImage" */;
			productName = SDWebImage;
		};
/* End XCSwiftPackageProductDependency section */
	};
	rootObject = 93B3359A2DAD2EAC0026E311 /* Project object */;
}
